// !$*UTF8*$!
{
	archiveVersion = 1;
	classes = {
	};
	objectVersion = 56;
	objects = {

/* Begin PBXBuildFile section */
		DB64CF1E2BFA54FC00399CD2 /* AppDelegate.swift in Sources */ = {isa = PBXBuildFile; fileRef = DB64CF1D2BFA54FC00399CD2 /* AppDelegate.swift */; };
		DB64CF202BFA54FC00399CD2 /* SceneDelegate.swift in Sources */ = {isa = PBXBuildFile; fileRef = DB64CF1F2BFA54FC00399CD2 /* SceneDelegate.swift */; };
		DB64CF222BFA54FC00399CD2 /* ViewController.swift in Sources */ = {isa = PBXBuildFile; fileRef = DB64CF212BFA54FC00399CD2 /* ViewController.swift */; };
		DB64CF272BFA550100399CD2 /* Assets.xcassets in Resources */ = {isa = PBXBuildFile; fileRef = DB64CF262BFA550100399CD2 /* Assets.xcassets */; };
		DB64CF2A2BFA550100399CD2 /* Base in Resources */ = {isa = PBXBuildFile; fileRef = DB64CF292BFA550100399CD2 /* Base */; };
		DB64CF352BFA550100399CD2 /* NewsApiProjectTests.swift in Sources */ = {isa = PBXBuildFile; fileRef = DB64CF342BFA550100399CD2 /* NewsApiProjectTests.swift */; };
		DB64CF3F2BFA550200399CD2 /* NewsApiProjectUITests.swift in Sources */ = {isa = PBXBuildFile; fileRef = DB64CF3E2BFA550200399CD2 /* NewsApiProjectUITests.swift */; };
		DB64CF412BFA550200399CD2 /* NewsApiProjectUITestsLaunchTests.swift in Sources */ = {isa = PBXBuildFile; fileRef = DB64CF402BFA550200399CD2 /* NewsApiProjectUITestsLaunchTests.swift */; };
		DB64CF5E2BFA588800399CD2 /* APIConfig.swift in Sources */ = {isa = PBXBuildFile; fileRef = DB64CF4E2BFA588800399CD2 /* APIConfig.swift */; };
		DB64CF5F2BFA588800399CD2 /* Authentication.swift in Sources */ = {isa = PBXBuildFile; fileRef = DB64CF4F2BFA588800399CD2 /* Authentication.swift */; };
		DB64CF602BFA588800399CD2 /* Endpoint.swift in Sources */ = {isa = PBXBuildFile; fileRef = DB64CF502BFA588800399CD2 /* Endpoint.swift */; };
		DB64CF612BFA588800399CD2 /* EndpointCase.swift in Sources */ = {isa = PBXBuildFile; fileRef = DB64CF512BFA588800399CD2 /* EndpointCase.swift */; };
		DB64CF622BFA588800399CD2 /* NetworkError.swift in Sources */ = {isa = PBXBuildFile; fileRef = DB64CF522BFA588800399CD2 /* NetworkError.swift */; };
		DB64CF632BFA588800399CD2 /* NewsAPIServiceImplementation.swift in Sources */ = {isa = PBXBuildFile; fileRef = DB64CF542BFA588800399CD2 /* NewsAPIServiceImplementation.swift */; };
		DB64CF642BFA588800399CD2 /* NewsAPIServiceFactory.swift in Sources */ = {isa = PBXBuildFile; fileRef = DB64CF562BFA588800399CD2 /* NewsAPIServiceFactory.swift */; };
		DB64CF652BFA588800399CD2 /* NewsModel.swift in Sources */ = {isa = PBXBuildFile; fileRef = DB64CF582BFA588800399CD2 /* NewsModel.swift */; };
		DB64CF662BFA588800399CD2 /* NewsAPIServiceProtocol.swift in Sources */ = {isa = PBXBuildFile; fileRef = DB64CF5A2BFA588800399CD2 /* NewsAPIServiceProtocol.swift */; };
/* End PBXBuildFile section */

/* Begin PBXContainerItemProxy section */
		DB64CF312BFA550100399CD2 /* PBXContainerItemProxy */ = {
			isa = PBXContainerItemProxy;
			containerPortal = DB64CF122BFA54FC00399CD2 /* Project object */;
			proxyType = 1;
			remoteGlobalIDString = DB64CF192BFA54FC00399CD2;
			remoteInfo = NewsApiProject;
		};
		DB64CF3B2BFA550200399CD2 /* PBXContainerItemProxy */ = {
			isa = PBXContainerItemProxy;
			containerPortal = DB64CF122BFA54FC00399CD2 /* Project object */;
			proxyType = 1;
			remoteGlobalIDString = DB64CF192BFA54FC00399CD2;
			remoteInfo = NewsApiProject;
		};
/* End PBXContainerItemProxy section */

/* Begin PBXFileReference section */
		DB64CF1A2BFA54FC00399CD2 /* NewsApiProject.app */ = {isa = PBXFileReference; explicitFileType = wrapper.application; includeInIndex = 0; path = NewsApiProject.app; sourceTree = BUILT_PRODUCTS_DIR; };
		DB64CF1D2BFA54FC00399CD2 /* AppDelegate.swift */ = {isa = PBXFileReference; lastKnownFileType = sourcecode.swift; path = AppDelegate.swift; sourceTree = "<group>"; };
		DB64CF1F2BFA54FC00399CD2 /* SceneDelegate.swift */ = {isa = PBXFileReference; lastKnownFileType = sourcecode.swift; path = SceneDelegate.swift; sourceTree = "<group>"; };
		DB64CF212BFA54FC00399CD2 /* ViewController.swift */ = {isa = PBXFileReference; lastKnownFileType = sourcecode.swift; path = ViewController.swift; sourceTree = "<group>"; };
		DB64CF262BFA550100399CD2 /* Assets.xcassets */ = {isa = PBXFileReference; lastKnownFileType = folder.assetcatalog; path = Assets.xcassets; sourceTree = "<group>"; };
		DB64CF292BFA550100399CD2 /* Base */ = {isa = PBXFileReference; lastKnownFileType = file.storyboard; name = Base; path = Base.lproj/LaunchScreen.storyboard; sourceTree = "<group>"; };
		DB64CF2B2BFA550100399CD2 /* Info.plist */ = {isa = PBXFileReference; lastKnownFileType = text.plist.xml; path = Info.plist; sourceTree = "<group>"; };
		DB64CF302BFA550100399CD2 /* NewsApiProjectTests.xctest */ = {isa = PBXFileReference; explicitFileType = wrapper.cfbundle; includeInIndex = 0; path = NewsApiProjectTests.xctest; sourceTree = BUILT_PRODUCTS_DIR; };
		DB64CF342BFA550100399CD2 /* NewsApiProjectTests.swift */ = {isa = PBXFileReference; lastKnownFileType = sourcecode.swift; path = NewsApiProjectTests.swift; sourceTree = "<group>"; };
		DB64CF3A2BFA550200399CD2 /* NewsApiProjectUITests.xctest */ = {isa = PBXFileReference; explicitFileType = wrapper.cfbundle; includeInIndex = 0; path = NewsApiProjectUITests.xctest; sourceTree = BUILT_PRODUCTS_DIR; };
		DB64CF3E2BFA550200399CD2 /* NewsApiProjectUITests.swift */ = {isa = PBXFileReference; lastKnownFileType = sourcecode.swift; path = NewsApiProjectUITests.swift; sourceTree = "<group>"; };
		DB64CF402BFA550200399CD2 /* NewsApiProjectUITestsLaunchTests.swift */ = {isa = PBXFileReference; lastKnownFileType = sourcecode.swift; path = NewsApiProjectUITestsLaunchTests.swift; sourceTree = "<group>"; };
		DB64CF4E2BFA588800399CD2 /* APIConfig.swift */ = {isa = PBXFileReference; fileEncoding = 4; lastKnownFileType = sourcecode.swift; path = APIConfig.swift; sourceTree = "<group>"; };
		DB64CF4F2BFA588800399CD2 /* Authentication.swift */ = {isa = PBXFileReference; fileEncoding = 4; lastKnownFileType = sourcecode.swift; path = Authentication.swift; sourceTree = "<group>"; };
		DB64CF502BFA588800399CD2 /* Endpoint.swift */ = {isa = PBXFileReference; fileEncoding = 4; lastKnownFileType = sourcecode.swift; path = Endpoint.swift; sourceTree = "<group>"; };
		DB64CF512BFA588800399CD2 /* EndpointCase.swift */ = {isa = PBXFileReference; fileEncoding = 4; lastKnownFileType = sourcecode.swift; path = EndpointCase.swift; sourceTree = "<group>"; };
		DB64CF522BFA588800399CD2 /* NetworkError.swift */ = {isa = PBXFileReference; fileEncoding = 4; lastKnownFileType = sourcecode.swift; path = NetworkError.swift; sourceTree = "<group>"; };
		DB64CF542BFA588800399CD2 /* NewsAPIServiceImplementation.swift */ = {isa = PBXFileReference; fileEncoding = 4; lastKnownFileType = sourcecode.swift; path = NewsAPIServiceImplementation.swift; sourceTree = "<group>"; };
		DB64CF562BFA588800399CD2 /* NewsAPIServiceFactory.swift */ = {isa = PBXFileReference; fileEncoding = 4; lastKnownFileType = sourcecode.swift; path = NewsAPIServiceFactory.swift; sourceTree = "<group>"; };
		DB64CF582BFA588800399CD2 /* NewsModel.swift */ = {isa = PBXFileReference; fileEncoding = 4; lastKnownFileType = sourcecode.swift; path = NewsModel.swift; sourceTree = "<group>"; };
		DB64CF5A2BFA588800399CD2 /* NewsAPIServiceProtocol.swift */ = {isa = PBXFileReference; fileEncoding = 4; lastKnownFileType = sourcecode.swift; path = NewsAPIServiceProtocol.swift; sourceTree = "<group>"; };
/* End PBXFileReference section */

/* Begin PBXFrameworksBuildPhase section */
		DB64CF172BFA54FC00399CD2 /* Frameworks */ = {
			isa = PBXFrameworksBuildPhase;
			buildActionMask = 2147483647;
			files = (
			);
			runOnlyForDeploymentPostprocessing = 0;
		};
		DB64CF2D2BFA550100399CD2 /* Frameworks */ = {
			isa = PBXFrameworksBuildPhase;
			buildActionMask = 2147483647;
			files = (
			);
			runOnlyForDeploymentPostprocessing = 0;
		};
		DB64CF372BFA550200399CD2 /* Frameworks */ = {
			isa = PBXFrameworksBuildPhase;
			buildActionMask = 2147483647;
			files = (
			);
			runOnlyForDeploymentPostprocessing = 0;
		};
/* End PBXFrameworksBuildPhase section */

/* Begin PBXGroup section */
		DB64CF112BFA54FC00399CD2 = {
			isa = PBXGroup;
			children = (
				DB64CF1C2BFA54FC00399CD2 /* NewsApiProject */,
				DB64CF332BFA550100399CD2 /* NewsApiProjectTests */,
				DB64CF3D2BFA550200399CD2 /* NewsApiProjectUITests */,
				DB64CF1B2BFA54FC00399CD2 /* Products */,
			);
			sourceTree = "<group>";
		};
		DB64CF1B2BFA54FC00399CD2 /* Products */ = {
			isa = PBXGroup;
			children = (
				DB64CF1A2BFA54FC00399CD2 /* NewsApiProject.app */,
				DB64CF302BFA550100399CD2 /* NewsApiProjectTests.xctest */,
				DB64CF3A2BFA550200399CD2 /* NewsApiProjectUITests.xctest */,
			);
			name = Products;
			sourceTree = "<group>";
		};
		DB64CF1C2BFA54FC00399CD2 /* NewsApiProject */ = {
			isa = PBXGroup;
			children = (
				DB64CF4D2BFA587000399CD2 /* Service */,
				DB64CF1D2BFA54FC00399CD2 /* AppDelegate.swift */,
				DB64CF1F2BFA54FC00399CD2 /* SceneDelegate.swift */,
				DB64CF212BFA54FC00399CD2 /* ViewController.swift */,
				DB64CF262BFA550100399CD2 /* Assets.xcassets */,
				DB64CF282BFA550100399CD2 /* LaunchScreen.storyboard */,
				DB64CF2B2BFA550100399CD2 /* Info.plist */,
			);
			path = NewsApiProject;
			sourceTree = "<group>";
		};
		DB64CF332BFA550100399CD2 /* NewsApiProjectTests */ = {
			isa = PBXGroup;
			children = (
				DB64CF342BFA550100399CD2 /* NewsApiProjectTests.swift */,
			);
			path = NewsApiProjectTests;
			sourceTree = "<group>";
		};
		DB64CF3D2BFA550200399CD2 /* NewsApiProjectUITests */ = {
			isa = PBXGroup;
			children = (
				DB64CF3E2BFA550200399CD2 /* NewsApiProjectUITests.swift */,
				DB64CF402BFA550200399CD2 /* NewsApiProjectUITestsLaunchTests.swift */,
			);
			path = NewsApiProjectUITests;
			sourceTree = "<group>";
		};
		DB64CF4D2BFA587000399CD2 /* Service */ = {
			isa = PBXGroup;
			children = (
				DB64CF5D2BFA588800399CD2 /* NewsAPIService */,
			);
			path = Service;
			sourceTree = "<group>";
		};
		DB64CF532BFA588800399CD2 /* Service */ = {
			isa = PBXGroup;
			children = (
				DB64CF4E2BFA588800399CD2 /* APIConfig.swift */,
				DB64CF4F2BFA588800399CD2 /* Authentication.swift */,
				DB64CF502BFA588800399CD2 /* Endpoint.swift */,
				DB64CF512BFA588800399CD2 /* EndpointCase.swift */,
				DB64CF522BFA588800399CD2 /* NetworkError.swift */,
			);
			path = Service;
			sourceTree = "<group>";
		};
		DB64CF552BFA588800399CD2 /* Implementation */ = {
			isa = PBXGroup;
			children = (
				DB64CF532BFA588800399CD2 /* Service */,
				DB64CF542BFA588800399CD2 /* NewsAPIServiceImplementation.swift */,
			);
			path = Implementation;
			sourceTree = "<group>";
		};
		DB64CF572BFA588800399CD2 /* Assembler */ = {
			isa = PBXGroup;
			children = (
				DB64CF562BFA588800399CD2 /* NewsAPIServiceFactory.swift */,
			);
			path = Assembler;
			sourceTree = "<group>";
		};
		DB64CF592BFA588800399CD2 /* Data */ = {
			isa = PBXGroup;
			children = (
				DB64CF582BFA588800399CD2 /* NewsModel.swift */,
			);
			path = Data;
			sourceTree = "<group>";
		};
		DB64CF5B2BFA588800399CD2 /* Protocol */ = {
			isa = PBXGroup;
			children = (
				DB64CF5A2BFA588800399CD2 /* NewsAPIServiceProtocol.swift */,
			);
			path = Protocol;
			sourceTree = "<group>";
		};
		DB64CF5C2BFA588800399CD2 /* Interface */ = {
			isa = PBXGroup;
			children = (
				DB64CF572BFA588800399CD2 /* Assembler */,
				DB64CF592BFA588800399CD2 /* Data */,
				DB64CF5B2BFA588800399CD2 /* Protocol */,
			);
			path = Interface;
			sourceTree = "<group>";
		};
		DB64CF5D2BFA588800399CD2 /* NewsAPIService */ = {
			isa = PBXGroup;
			children = (
				DB64CF552BFA588800399CD2 /* Implementation */,
				DB64CF5C2BFA588800399CD2 /* Interface */,
			);
			name = NewsAPIService;
			path = ../../../../../../Desktop/Service/NewsApiService/NewsAPIService;
			sourceTree = "<group>";
		};
/* End PBXGroup section */

/* Begin PBXNativeTarget section */
		DB64CF192BFA54FC00399CD2 /* NewsApiProject */ = {
			isa = PBXNativeTarget;
			buildConfigurationList = DB64CF442BFA550200399CD2 /* Build configuration list for PBXNativeTarget "NewsApiProject" */;
			buildPhases = (
				DB64CF162BFA54FC00399CD2 /* Sources */,
				DB64CF172BFA54FC00399CD2 /* Frameworks */,
				DB64CF182BFA54FC00399CD2 /* Resources */,
			);
			buildRules = (
			);
			dependencies = (
			);
			name = NewsApiProject;
			productName = NewsApiProject;
			productReference = DB64CF1A2BFA54FC00399CD2 /* NewsApiProject.app */;
			productType = "com.apple.product-type.application";
		};
		DB64CF2F2BFA550100399CD2 /* NewsApiProjectTests */ = {
			isa = PBXNativeTarget;
			buildConfigurationList = DB64CF472BFA550200399CD2 /* Build configuration list for PBXNativeTarget "NewsApiProjectTests" */;
			buildPhases = (
				DB64CF2C2BFA550100399CD2 /* Sources */,
				DB64CF2D2BFA550100399CD2 /* Frameworks */,
				DB64CF2E2BFA550100399CD2 /* Resources */,
			);
			buildRules = (
			);
			dependencies = (
				DB64CF322BFA550100399CD2 /* PBXTargetDependency */,
			);
			name = NewsApiProjectTests;
			productName = NewsApiProjectTests;
			productReference = DB64CF302BFA550100399CD2 /* NewsApiProjectTests.xctest */;
			productType = "com.apple.product-type.bundle.unit-test";
		};
		DB64CF392BFA550200399CD2 /* NewsApiProjectUITests */ = {
			isa = PBXNativeTarget;
			buildConfigurationList = DB64CF4A2BFA550200399CD2 /* Build configuration list for PBXNativeTarget "NewsApiProjectUITests" */;
			buildPhases = (
				DB64CF362BFA550200399CD2 /* Sources */,
				DB64CF372BFA550200399CD2 /* Frameworks */,
				DB64CF382BFA550200399CD2 /* Resources */,
			);
			buildRules = (
			);
			dependencies = (
				DB64CF3C2BFA550200399CD2 /* PBXTargetDependency */,
			);
			name = NewsApiProjectUITests;
			productName = NewsApiProjectUITests;
			productReference = DB64CF3A2BFA550200399CD2 /* NewsApiProjectUITests.xctest */;
			productType = "com.apple.product-type.bundle.ui-testing";
		};
/* End PBXNativeTarget section */

/* Begin PBXProject section */
		DB64CF122BFA54FC00399CD2 /* Project object */ = {
			isa = PBXProject;
			attributes = {
				BuildIndependentTargetsInParallel = 1;
				LastSwiftUpdateCheck = 1540;
				LastUpgradeCheck = 1540;
				TargetAttributes = {
					DB64CF192BFA54FC00399CD2 = {
						CreatedOnToolsVersion = 15.4;
					};
					DB64CF2F2BFA550100399CD2 = {
						CreatedOnToolsVersion = 15.4;
						TestTargetID = DB64CF192BFA54FC00399CD2;
					};
					DB64CF392BFA550200399CD2 = {
						CreatedOnToolsVersion = 15.4;
						TestTargetID = DB64CF192BFA54FC00399CD2;
					};
				};
			};
			buildConfigurationList = DB64CF152BFA54FC00399CD2 /* Build configuration list for PBXProject "NewsApiProject" */;
			compatibilityVersion = "Xcode 14.0";
			developmentRegion = en;
			hasScannedForEncodings = 0;
			knownRegions = (
				en,
				Base,
			);
			mainGroup = DB64CF112BFA54FC00399CD2;
			productRefGroup = DB64CF1B2BFA54FC00399CD2 /* Products */;
			projectDirPath = "";
			projectRoot = "";
			targets = (
				DB64CF192BFA54FC00399CD2 /* NewsApiProject */,
				DB64CF2F2BFA550100399CD2 /* NewsApiProjectTests */,
				DB64CF392BFA550200399CD2 /* NewsApiProjectUITests */,
			);
		};
/* End PBXProject section */

/* Begin PBXResourcesBuildPhase section */
		DB64CF182BFA54FC00399CD2 /* Resources */ = {
			isa = PBXResourcesBuildPhase;
			buildActionMask = 2147483647;
			files = (
				DB64CF272BFA550100399CD2 /* Assets.xcassets in Resources */,
				DB64CF2A2BFA550100399CD2 /* Base in Resources */,
			);
			runOnlyForDeploymentPostprocessing = 0;
		};
		DB64CF2E2BFA550100399CD2 /* Resources */ = {
			isa = PBXResourcesBuildPhase;
			buildActionMask = 2147483647;
			files = (
			);
			runOnlyForDeploymentPostprocessing = 0;
		};
		DB64CF382BFA550200399CD2 /* Resources */ = {
			isa = PBXResourcesBuildPhase;
			buildActionMask = 2147483647;
			files = (
			);
			runOnlyForDeploymentPostprocessing = 0;
		};
/* End PBXResourcesBuildPhase section */

/* Begin PBXSourcesBuildPhase section */
		DB64CF162BFA54FC00399CD2 /* Sources */ = {
			isa = PBXSourcesBuildPhase;
			buildActionMask = 2147483647;
			files = (
				DB64CF642BFA588800399CD2 /* NewsAPIServiceFactory.swift in Sources */,
				DB64CF222BFA54FC00399CD2 /* ViewController.swift in Sources */,
				DB64CF622BFA588800399CD2 /* NetworkError.swift in Sources */,
				DB64CF612BFA588800399CD2 /* EndpointCase.swift in Sources */,
				DB64CF1E2BFA54FC00399CD2 /* AppDelegate.swift in Sources */,
				DB64CF5E2BFA588800399CD2 /* APIConfig.swift in Sources */,
				DB64CF652BFA588800399CD2 /* NewsModel.swift in Sources */,
				DB64CF5F2BFA588800399CD2 /* Authentication.swift in Sources */,
				DB64CF632BFA588800399CD2 /* NewsAPIServiceImplementation.swift in Sources */,
				DB64CF662BFA588800399CD2 /* NewsAPIServiceProtocol.swift in Sources */,
				DB64CF602BFA588800399CD2 /* Endpoint.swift in Sources */,
				DB64CF202BFA54FC00399CD2 /* SceneDelegate.swift in Sources */,
			);
			runOnlyForDeploymentPostprocessing = 0;
		};
		DB64CF2C2BFA550100399CD2 /* Sources */ = {
			isa = PBXSourcesBuildPhase;
			buildActionMask = 2147483647;
			files = (
				DB64CF352BFA550100399CD2 /* NewsApiProjectTests.swift in Sources */,
			);
			runOnlyForDeploymentPostprocessing = 0;
		};
		DB64CF362BFA550200399CD2 /* Sources */ = {
			isa = PBXSourcesBuildPhase;
			buildActionMask = 2147483647;
			files = (
				DB64CF412BFA550200399CD2 /* NewsApiProjectUITestsLaunchTests.swift in Sources */,
				DB64CF3F2BFA550200399CD2 /* NewsApiProjectUITests.swift in Sources */,
			);
			runOnlyForDeploymentPostprocessing = 0;
		};
/* End PBXSourcesBuildPhase section */

/* Begin PBXTargetDependency section */
		DB64CF322BFA550100399CD2 /* PBXTargetDependency */ = {
			isa = PBXTargetDependency;
			target = DB64CF192BFA54FC00399CD2 /* NewsApiProject */;
			targetProxy = DB64CF312BFA550100399CD2 /* PBXContainerItemProxy */;
		};
		DB64CF3C2BFA550200399CD2 /* PBXTargetDependency */ = {
			isa = PBXTargetDependency;
			target = DB64CF192BFA54FC00399CD2 /* NewsApiProject */;
			targetProxy = DB64CF3B2BFA550200399CD2 /* PBXContainerItemProxy */;
		};
/* End PBXTargetDependency section */

/* Begin PBXVariantGroup section */
		DB64CF282BFA550100399CD2 /* LaunchScreen.storyboard */ = {
			isa = PBXVariantGroup;
			children = (
				DB64CF292BFA550100399CD2 /* Base */,
			);
			name = LaunchScreen.storyboard;
			sourceTree = "<group>";
		};
/* End PBXVariantGroup section */

/* Begin XCBuildConfiguration section */
		DB64CF422BFA550200399CD2 /* Debug */ = {
			isa = XCBuildConfiguration;
			buildSettings = {
				ALWAYS_SEARCH_USER_PATHS = NO;
				ASSETCATALOG_COMPILER_GENERATE_SWIFT_ASSET_SYMBOL_EXTENSIONS = YES;
				CLANG_ANALYZER_NONNULL = YES;
				CLANG_ANALYZER_NUMBER_OBJECT_CONVERSION = YES_AGGRESSIVE;
				CLANG_CXX_LANGUAGE_STANDARD = "gnu++20";
				CLANG_ENABLE_MODULES = YES;
				CLANG_ENABLE_OBJC_ARC = YES;
				CLANG_ENABLE_OBJC_WEAK = YES;
				CLANG_WARN_BLOCK_CAPTURE_AUTORELEASING = YES;
				CLANG_WARN_BOOL_CONVERSION = YES;
				CLANG_WARN_COMMA = YES;
				CLANG_WARN_CONSTANT_CONVERSION = YES;
				CLANG_WARN_DEPRECATED_OBJC_IMPLEMENTATIONS = YES;
				CLANG_WARN_DIRECT_OBJC_ISA_USAGE = YES_ERROR;
				CLANG_WARN_DOCUMENTATION_COMMENTS = YES;
				CLANG_WARN_EMPTY_BODY = YES;
				CLANG_WARN_ENUM_CONVERSION = YES;
				CLANG_WARN_INFINITE_RECURSION = YES;
				CLANG_WARN_INT_CONVERSION = YES;
				CLANG_WARN_NON_LITERAL_NULL_CONVERSION = YES;
				CLANG_WARN_OBJC_IMPLICIT_RETAIN_SELF = YES;
				CLANG_WARN_OBJC_LITERAL_CONVERSION = YES;
				CLANG_WARN_OBJC_ROOT_CLASS = YES_ERROR;
				CLANG_WARN_QUOTED_INCLUDE_IN_FRAMEWORK_HEADER = YES;
				CLANG_WARN_RANGE_LOOP_ANALYSIS = YES;
				CLANG_WARN_STRICT_PROTOTYPES = YES;
				CLANG_WARN_SUSPICIOUS_MOVE = YES;
				CLANG_WARN_UNGUARDED_AVAILABILITY = YES_AGGRESSIVE;
				CLANG_WARN_UNREACHABLE_CODE = YES;
				CLANG_WARN__DUPLICATE_METHOD_MATCH = YES;
				COPY_PHASE_STRIP = NO;
				DEBUG_INFORMATION_FORMAT = dwarf;
				ENABLE_STRICT_OBJC_MSGSEND = YES;
				ENABLE_TESTABILITY = YES;
				ENABLE_USER_SCRIPT_SANDBOXING = YES;
				GCC_C_LANGUAGE_STANDARD = gnu17;
				GCC_DYNAMIC_NO_PIC = NO;
				GCC_NO_COMMON_BLOCKS = YES;
				GCC_OPTIMIZATION_LEVEL = 0;
				GCC_PREPROCESSOR_DEFINITIONS = (
					"DEBUG=1",
					"$(inherited)",
				);
				GCC_WARN_64_TO_32_BIT_CONVERSION = YES;
				GCC_WARN_ABOUT_RETURN_TYPE = YES_ERROR;
				GCC_WARN_UNDECLARED_SELECTOR = YES;
				GCC_WARN_UNINITIALIZED_AUTOS = YES_AGGRESSIVE;
				GCC_WARN_UNUSED_FUNCTION = YES;
				GCC_WARN_UNUSED_VARIABLE = YES;
				IPHONEOS_DEPLOYMENT_TARGET = 17.5;
				LOCALIZATION_PREFERS_STRING_CATALOGS = YES;
				MTL_ENABLE_DEBUG_INFO = INCLUDE_SOURCE;
				MTL_FAST_MATH = YES;
				ONLY_ACTIVE_ARCH = YES;
				SDKROOT = iphoneos;
				SWIFT_ACTIVE_COMPILATION_CONDITIONS = "DEBUG $(inherited)";
				SWIFT_OPTIMIZATION_LEVEL = "-Onone";
			};
			name = Debug;
		};
		DB64CF432BFA550200399CD2 /* Release */ = {
			isa = XCBuildConfiguration;
			buildSettings = {
				ALWAYS_SEARCH_USER_PATHS = NO;
				ASSETCATALOG_COMPILER_GENERATE_SWIFT_ASSET_SYMBOL_EXTENSIONS = YES;
				CLANG_ANALYZER_NONNULL = YES;
				CLANG_ANALYZER_NUMBER_OBJECT_CONVERSION = YES_AGGRESSIVE;
				CLANG_CXX_LANGUAGE_STANDARD = "gnu++20";
				CLANG_ENABLE_MODULES = YES;
				CLANG_ENABLE_OBJC_ARC = YES;
				CLANG_ENABLE_OBJC_WEAK = YES;
				CLANG_WARN_BLOCK_CAPTURE_AUTORELEASING = YES;
				CLANG_WARN_BOOL_CONVERSION = YES;
				CLANG_WARN_COMMA = YES;
				CLANG_WARN_CONSTANT_CONVERSION = YES;
				CLANG_WARN_DEPRECATED_OBJC_IMPLEMENTATIONS = YES;
				CLANG_WARN_DIRECT_OBJC_ISA_USAGE = YES_ERROR;
				CLANG_WARN_DOCUMENTATION_COMMENTS = YES;
				CLANG_WARN_EMPTY_BODY = YES;
				CLANG_WARN_ENUM_CONVERSION = YES;
				CLANG_WARN_INFINITE_RECURSION = YES;
				CLANG_WARN_INT_CONVERSION = YES;
				CLANG_WARN_NON_LITERAL_NULL_CONVERSION = YES;
				CLANG_WARN_OBJC_IMPLICIT_RETAIN_SELF = YES;
				CLANG_WARN_OBJC_LITERAL_CONVERSION = YES;
				CLANG_WARN_OBJC_ROOT_CLASS = YES_ERROR;
				CLANG_WARN_QUOTED_INCLUDE_IN_FRAMEWORK_HEADER = YES;
				CLANG_WARN_RANGE_LOOP_ANALYSIS = YES;
				CLANG_WARN_STRICT_PROTOTYPES = YES;
				CLANG_WARN_SUSPICIOUS_MOVE = YES;
				CLANG_WARN_UNGUARDED_AVAILABILITY = YES_AGGRESSIVE;
				CLANG_WARN_UNREACHABLE_CODE = YES;
				CLANG_WARN__DUPLICATE_METHOD_MATCH = YES;
				COPY_PHASE_STRIP = NO;
				DEBUG_INFORMATION_FORMAT = "dwarf-with-dsym";
				ENABLE_NS_ASSERTIONS = NO;
				ENABLE_STRICT_OBJC_MSGSEND = YES;
				ENABLE_USER_SCRIPT_SANDBOXING = YES;
				GCC_C_LANGUAGE_STANDARD = gnu17;
				GCC_NO_COMMON_BLOCKS = YES;
				GCC_WARN_64_TO_32_BIT_CONVERSION = YES;
				GCC_WARN_ABOUT_RETURN_TYPE = YES_ERROR;
				GCC_WARN_UNDECLARED_SELECTOR = YES;
				GCC_WARN_UNINITIALIZED_AUTOS = YES_AGGRESSIVE;
				GCC_WARN_UNUSED_FUNCTION = YES;
				GCC_WARN_UNUSED_VARIABLE = YES;
				IPHONEOS_DEPLOYMENT_TARGET = 17.5;
				LOCALIZATION_PREFERS_STRING_CATALOGS = YES;
				MTL_ENABLE_DEBUG_INFO = NO;
				MTL_FAST_MATH = YES;
				SDKROOT = iphoneos;
				SWIFT_COMPILATION_MODE = wholemodule;
				VALIDATE_PRODUCT = YES;
			};
			name = Release;
		};
		DB64CF452BFA550200399CD2 /* Debug */ = {
			isa = XCBuildConfiguration;
			buildSettings = {
				ASSETCATALOG_COMPILER_APPICON_NAME = AppIcon;
				ASSETCATALOG_COMPILER_GLOBAL_ACCENT_COLOR_NAME = AccentColor;
				CODE_SIGN_STYLE = Automatic;
				CURRENT_PROJECT_VERSION = 1;
				DEVELOPMENT_TEAM = L2XS3J727J;
				GENERATE_INFOPLIST_FILE = YES;
				INFOPLIST_FILE = NewsApiProject/Info.plist;
				INFOPLIST_KEY_UIApplicationSupportsIndirectInputEvents = YES;
				INFOPLIST_KEY_UILaunchStoryboardName = LaunchScreen;
				INFOPLIST_KEY_UISupportedInterfaceOrientations_iPad = "UIInterfaceOrientationPortrait UIInterfaceOrientationPortraitUpsideDown UIInterfaceOrientationLandscapeLeft UIInterfaceOrientationLandscapeRight";
				INFOPLIST_KEY_UISupportedInterfaceOrientations_iPhone = "UIInterfaceOrientationPortrait UIInterfaceOrientationLandscapeLeft UIInterfaceOrientationLandscapeRight";
				LD_RUNPATH_SEARCH_PATHS = (
					"$(inherited)",
					"@executable_path/Frameworks",
				);
				MARKETING_VERSION = 1.0;
				PRODUCT_BUNDLE_IDENTIFIER = br.org.thiago.sousa.NewsApiProject;
				PRODUCT_NAME = "$(TARGET_NAME)";
				SWIFT_EMIT_LOC_STRINGS = YES;
				SWIFT_VERSION = 5.0;
				TARGETED_DEVICE_FAMILY = "1,2";
			};
			name = Debug;
		};
		DB64CF462BFA550200399CD2 /* Release */ = {
			isa = XCBuildConfiguration;
			buildSettings = {
				ASSETCATALOG_COMPILER_APPICON_NAME = AppIcon;
				ASSETCATALOG_COMPILER_GLOBAL_ACCENT_COLOR_NAME = AccentColor;
				CODE_SIGN_STYLE = Automatic;
				CURRENT_PROJECT_VERSION = 1;
				DEVELOPMENT_TEAM = L2XS3J727J;
				GENERATE_INFOPLIST_FILE = YES;
				INFOPLIST_FILE = NewsApiProject/Info.plist;
				INFOPLIST_KEY_UIApplicationSupportsIndirectInputEvents = YES;
				INFOPLIST_KEY_UILaunchStoryboardName = LaunchScreen;
				INFOPLIST_KEY_UISupportedInterfaceOrientations_iPad = "UIInterfaceOrientationPortrait UIInterfaceOrientationPortraitUpsideDown UIInterfaceOrientationLandscapeLeft UIInterfaceOrientationLandscapeRight";
				INFOPLIST_KEY_UISupportedInterfaceOrientations_iPhone = "UIInterfaceOrientationPortrait UIInterfaceOrientationLandscapeLeft UIInterfaceOrientationLandscapeRight";
				LD_RUNPATH_SEARCH_PATHS = (
					"$(inherited)",
					"@executable_path/Frameworks",
				);
				MARKETING_VERSION = 1.0;
				PRODUCT_BUNDLE_IDENTIFIER = br.org.thiago.sousa.NewsApiProject;
				PRODUCT_NAME = "$(TARGET_NAME)";
				SWIFT_EMIT_LOC_STRINGS = YES;
				SWIFT_VERSION = 5.0;
				TARGETED_DEVICE_FAMILY = "1,2";
			};
			name = Release;
		};
		DB64CF482BFA550200399CD2 /* Debug */ = {
			isa = XCBuildConfiguration;
			buildSettings = {
				ALWAYS_EMBED_SWIFT_STANDARD_LIBRARIES = YES;
				BUNDLE_LOADER = "$(TEST_HOST)";
				CODE_SIGN_STYLE = Automatic;
				CURRENT_PROJECT_VERSION = 1;
				DEVELOPMENT_TEAM = L2XS3J727J;
				GENERATE_INFOPLIST_FILE = YES;
				IPHONEOS_DEPLOYMENT_TARGET = 17.5;
				MARKETING_VERSION = 1.0;
				PRODUCT_BUNDLE_IDENTIFIER = br.org.thiago.sousa.NewsApiProjectTests;
				PRODUCT_NAME = "$(TARGET_NAME)";
				SWIFT_EMIT_LOC_STRINGS = NO;
				SWIFT_VERSION = 5.0;
				TARGETED_DEVICE_FAMILY = "1,2";
				TEST_HOST = "$(BUILT_PRODUCTS_DIR)/NewsApiProject.app/$(BUNDLE_EXECUTABLE_FOLDER_PATH)/NewsApiProject";
			};
			name = Debug;
		};
		DB64CF492BFA550200399CD2 /* Release */ = {
			isa = XCBuildConfiguration;
			buildSettings = {
				ALWAYS_EMBED_SWIFT_STANDARD_LIBRARIES = YES;
				BUNDLE_LOADER = "$(TEST_HOST)";
				CODE_SIGN_STYLE = Automatic;
				CURRENT_PROJECT_VERSION = 1;
				DEVELOPMENT_TEAM = L2XS3J727J;
				GENERATE_INFOPLIST_FILE = YES;
				IPHONEOS_DEPLOYMENT_TARGET = 17.5;
				MARKETING_VERSION = 1.0;
				PRODUCT_BUNDLE_IDENTIFIER = br.org.thiago.sousa.NewsApiProjectTests;
				PRODUCT_NAME = "$(TARGET_NAME)";
				SWIFT_EMIT_LOC_STRINGS = NO;
				SWIFT_VERSION = 5.0;
				TARGETED_DEVICE_FAMILY = "1,2";
				TEST_HOST = "$(BUILT_PRODUCTS_DIR)/NewsApiProject.app/$(BUNDLE_EXECUTABLE_FOLDER_PATH)/NewsApiProject";
			};
			name = Release;
		};
		DB64CF4B2BFA550200399CD2 /* Debug */ = {
			isa = XCBuildConfiguration;
			buildSettings = {
				ALWAYS_EMBED_SWIFT_STANDARD_LIBRARIES = YES;
				CODE_SIGN_STYLE = Automatic;
				CURRENT_PROJECT_VERSION = 1;
				DEVELOPMENT_TEAM = L2XS3J727J;
				GENERATE_INFOPLIST_FILE = YES;
				MARKETING_VERSION = 1.0;
				PRODUCT_BUNDLE_IDENTIFIER = br.org.thiago.sousa.NewsApiProjectUITests;
				PRODUCT_NAME = "$(TARGET_NAME)";
				SWIFT_EMIT_LOC_STRINGS = NO;
				SWIFT_VERSION = 5.0;
				TARGETED_DEVICE_FAMILY = "1,2";
				TEST_TARGET_NAME = NewsApiProject;
			};
			name = Debug;
		};
		DB64CF4C2BFA550200399CD2 /* Release */ = {
			isa = XCBuildConfiguration;
			buildSettings = {
				ALWAYS_EMBED_SWIFT_STANDARD_LIBRARIES = YES;
				CODE_SIGN_STYLE = Automatic;
				CURRENT_PROJECT_VERSION = 1;
				DEVELOPMENT_TEAM = L2XS3J727J;
				GENERATE_INFOPLIST_FILE = YES;
				MARKETING_VERSION = 1.0;
				PRODUCT_BUNDLE_IDENTIFIER = br.org.thiago.sousa.NewsApiProjectUITests;
				PRODUCT_NAME = "$(TARGET_NAME)";
				SWIFT_EMIT_LOC_STRINGS = NO;
				SWIFT_VERSION = 5.0;
				TARGETED_DEVICE_FAMILY = "1,2";
				TEST_TARGET_NAME = NewsApiProject;
			};
			name = Release;
		};
/* End XCBuildConfiguration section */

/* Begin XCConfigurationList section */
		DB64CF152BFA54FC00399CD2 /* Build configuration list for PBXProject "NewsApiProject" */ = {
			isa = XCConfigurationList;
			buildConfigurations = (
				DB64CF422BFA550200399CD2 /* Debug */,
				DB64CF432BFA550200399CD2 /* Release */,
			);
			defaultConfigurationIsVisible = 0;
			defaultConfigurationName = Release;
		};
		DB64CF442BFA550200399CD2 /* Build configuration list for PBXNativeTarget "NewsApiProject" */ = {
			isa = XCConfigurationList;
			buildConfigurations = (
				DB64CF452BFA550200399CD2 /* Debug */,
				DB64CF462BFA550200399CD2 /* Release */,
			);
			defaultConfigurationIsVisible = 0;
			defaultConfigurationName = Release;
		};
		DB64CF472BFA550200399CD2 /* Build configuration list for PBXNativeTarget "NewsApiProjectTests" */ = {
			isa = XCConfigurationList;
			buildConfigurations = (
				DB64CF482BFA550200399CD2 /* Debug */,
				DB64CF492BFA550200399CD2 /* Release */,
			);
			defaultConfigurationIsVisible = 0;
			defaultConfigurationName = Release;
		};
		DB64CF4A2BFA550200399CD2 /* Build configuration list for PBXNativeTarget "NewsApiProjectUITests" */ = {
			isa = XCConfigurationList;
			buildConfigurations = (
				DB64CF4B2BFA550200399CD2 /* Debug */,
				DB64CF4C2BFA550200399CD2 /* Release */,
			);
			defaultConfigurationIsVisible = 0;
			defaultConfigurationName = Release;
		};
/* End XCConfigurationList section */
	};
	rootObject = DB64CF122BFA54FC00399CD2 /* Project object */;
}
